
Microsoft Visual Studio Solution File, Format Version 12.00
# Visual Studio Version 17
VisualStudioVersion = 17.3.32819.101
MinimumVisualStudioVersion = 10.0.40219.1
Project("{FAE04EC0-301F-11D3-BF4B-00C04F79EFBC}") = "Program_4", "Program_4.csproj", "{1D26A88F-4F78-4CB4-B1DE-FE7FC946E59A}"
EndProject
Global
	GlobalSection(SolutionConfigurationPlatforms) = preSolution
		Debug|Any CPU = Debug|Any CPU
		Release|Any CPU = Release|Any CPU
	EndGlobalSection
	GlobalSection(ProjectConfigurationPlatforms) = postSolution
		{1D26A88F-4F78-4CB4-B1DE-FE7FC946E59A}.Debug|Any CPU.ActiveCfg = Debug|Any CPU
		{1D26A88F-4F78-4CB4-B1DE-FE7FC946E59A}.Debug|Any CPU.Build.0 = Debug|Any CPU
		{1D26A88F-4F78-4CB4-B1DE-FE7FC946E59A}.Release|Any CPU.ActiveCfg = Release|Any CPU
		{1D26A88F-4F78-4CB4-B1DE-FE7FC946E59A}.Release|Any CPU.Build.0 = Release|Any CPU
	EndGlobalSection
	GlobalSection(SolutionProperties) = preSolution
		HideSolutionNode = FALSE
	EndGlobalSection
	GlobalSection(ExtensibilityGlobals) = postSolution
		SolutionGuid = {B2470D0F-11C0-4F5C-8DE8-0FE7FF75300A}
	EndGlobalSection
EndGlobal
